
Microsoft Visual Studio Solution File, Format Version 12.00
# Visual Studio Version 16
VisualStudioVersion = 16.0.29102.190
MinimumVisualStudioVersion = 10.0.40219.1
Project("{2150E333-8FDC-42A3-9474-1A3956D46DE8}") = ".nuget", ".nuget", "{A77DD285-5579-4D79-BEE3-659AA9C4927C}"
	ProjectSection(SolutionItems) = preProject
		.nuget\NuGet.Config = .nuget\NuGet.Config
		.nuget\NuGet.exe = .nuget\NuGet.exe
		.nuget\NuGet.targets = .nuget\NuGet.targets
	EndProjectSection
EndProject
Project("{2150E333-8FDC-42A3-9474-1A3956D46DE8}") = "NetFramework", "NetFramework", "{3AF283FC-E76D-4D39-9DA5-A04E4717F81A}"
EndProject
Project("{2150E333-8FDC-42A3-9474-1A3956D46DE8}") = "NetCore", "NetCore", "{0AA33DD3-54C6-43BA-B850-22B3DC45EB2F}"
EndProject
Project("{9A19103F-16F7-4668-BE54-9A1E7A4F7556}") = "Morestachio", "Morestachio\Morestachio.csproj", "{C11094C0-2764-4234-99AB-0159039E1904}"
EndProject
Project("{9A19103F-16F7-4668-BE54-9A1E7A4F7556}") = "Morestachio.Tests", "Morestachio.Tests\Morestachio.Tests.csproj", "{96FBE2A9-FFCA-43F8-B0DA-9EECCEA6986B}"
EndProject
Project("{9A19103F-16F7-4668-BE54-9A1E7A4F7556}") = "Morestachio.Linq", "Morestachio.Linq\Morestachio.Linq.csproj", "{58A6BE54-5436-4F00-BCE4-127176B4948A}"
EndProject
Project("{2150E333-8FDC-42A3-9474-1A3956D46DE8}") = "DocumentGenerations", "DocumentGenerations", "{DD3A5646-EA3B-46B4-9730-6305F1A1787B}"
	ProjectSection(SolutionItems) = preProject
		GenerateFormatterDocumentation.tt = GenerateFormatterDocumentation.tt
	EndProjectSection
EndProject
Project("{9A19103F-16F7-4668-BE54-9A1E7A4F7556}") = "Morestachio.Runner", "Morestachio.Runner\Morestachio.Runner.csproj", "{586BAEB9-862E-457D-AE13-A19E67C03B26}"
EndProject
Project("{9A19103F-16F7-4668-BE54-9A1E7A4F7556}") = "Morestachio.Newtonsoft.Json", "Morestachio.Newtonsoft.Json\Morestachio.Newtonsoft.Json.csproj", "{B3692F2F-B295-46BC-B0F1-D4679C172142}"
EndProject
Project("{FAE04EC0-301F-11D3-BF4B-00C04F79EFBC}") = "Morestachio.Examples", "Morestachio.Examples\Morestachio.Examples.csproj", "{B38420AB-6681-4A6D-B9C1-BBA67DD2307E}"
EndProject
Project("{2150E333-8FDC-42A3-9474-1A3956D46DE8}") = "Solution Items", "Solution Items", "{B18FBBF7-EBC2-4D4C-8CDA-3B8FB89B2381}"
	ProjectSection(SolutionItems) = preProject
		examples.json = examples.json
	EndProjectSection
EndProject
Global
	GlobalSection(SolutionConfigurationPlatforms) = preSolution
		Debug|Any CPU = Debug|Any CPU
		Release|Any CPU = Release|Any CPU
	EndGlobalSection
	GlobalSection(ProjectConfigurationPlatforms) = postSolution
		{C11094C0-2764-4234-99AB-0159039E1904}.Debug|Any CPU.ActiveCfg = Debug|Any CPU
		{C11094C0-2764-4234-99AB-0159039E1904}.Debug|Any CPU.Build.0 = Debug|Any CPU
		{C11094C0-2764-4234-99AB-0159039E1904}.Release|Any CPU.ActiveCfg = Release|Any CPU
		{C11094C0-2764-4234-99AB-0159039E1904}.Release|Any CPU.Build.0 = Release|Any CPU
		{96FBE2A9-FFCA-43F8-B0DA-9EECCEA6986B}.Debug|Any CPU.ActiveCfg = Debug|Any CPU
		{96FBE2A9-FFCA-43F8-B0DA-9EECCEA6986B}.Debug|Any CPU.Build.0 = Debug|Any CPU
		{96FBE2A9-FFCA-43F8-B0DA-9EECCEA6986B}.Release|Any CPU.ActiveCfg = Release|Any CPU
		{96FBE2A9-FFCA-43F8-B0DA-9EECCEA6986B}.Release|Any CPU.Build.0 = Release|Any CPU
		{58A6BE54-5436-4F00-BCE4-127176B4948A}.Debug|Any CPU.ActiveCfg = Debug|Any CPU
		{58A6BE54-5436-4F00-BCE4-127176B4948A}.Debug|Any CPU.Build.0 = Debug|Any CPU
		{58A6BE54-5436-4F00-BCE4-127176B4948A}.Release|Any CPU.ActiveCfg = Release|Any CPU
		{58A6BE54-5436-4F00-BCE4-127176B4948A}.Release|Any CPU.Build.0 = Release|Any CPU
		{586BAEB9-862E-457D-AE13-A19E67C03B26}.Debug|Any CPU.ActiveCfg = Debug|Any CPU
		{586BAEB9-862E-457D-AE13-A19E67C03B26}.Debug|Any CPU.Build.0 = Debug|Any CPU
		{586BAEB9-862E-457D-AE13-A19E67C03B26}.Release|Any CPU.ActiveCfg = Release|Any CPU
		{586BAEB9-862E-457D-AE13-A19E67C03B26}.Release|Any CPU.Build.0 = Release|Any CPU
		{B3692F2F-B295-46BC-B0F1-D4679C172142}.Debug|Any CPU.ActiveCfg = Debug|Any CPU
		{B3692F2F-B295-46BC-B0F1-D4679C172142}.Debug|Any CPU.Build.0 = Debug|Any CPU
		{B3692F2F-B295-46BC-B0F1-D4679C172142}.Release|Any CPU.ActiveCfg = Release|Any CPU
		{B3692F2F-B295-46BC-B0F1-D4679C172142}.Release|Any CPU.Build.0 = Release|Any CPU
		{B38420AB-6681-4A6D-B9C1-BBA67DD2307E}.Debug|Any CPU.ActiveCfg = Debug|Any CPU
		{B38420AB-6681-4A6D-B9C1-BBA67DD2307E}.Debug|Any CPU.Build.0 = Debug|Any CPU
		{B38420AB-6681-4A6D-B9C1-BBA67DD2307E}.Release|Any CPU.ActiveCfg = Release|Any CPU
		{B38420AB-6681-4A6D-B9C1-BBA67DD2307E}.Release|Any CPU.Build.0 = Release|Any CPU
	EndGlobalSection
	GlobalSection(SolutionProperties) = preSolution
		HideSolutionNode = FALSE
	EndGlobalSection
	GlobalSection(NestedProjects) = preSolution
		{3AF283FC-E76D-4D39-9DA5-A04E4717F81A} = {A77DD285-5579-4D79-BEE3-659AA9C4927C}
		{0AA33DD3-54C6-43BA-B850-22B3DC45EB2F} = {A77DD285-5579-4D79-BEE3-659AA9C4927C}
	EndGlobalSection
	GlobalSection(ExtensibilityGlobals) = postSolution
		SolutionGuid = {96AB97D9-9D65-41D3-8164-800A5C9CE961}
	EndGlobalSection
EndGlobal
